
Microsoft Visual Studio Solution File, Format Version 12.00
# Visual Studio Version 17
VisualStudioVersion = 17.9.34728.123
MinimumVisualStudioVersion = 10.0.40219.1
Project("{FAE04EC0-301F-11D3-BF4B-00C04F79EFBC}") = "Contagem de frases", "Contagem de frases\Contagem de frases.csproj", "{9419051F-411C-411D-ADF0-9CA9F53DB082}"
EndProject
Global
	GlobalSection(SolutionConfigurationPlatforms) = preSolution
		Debug|Any CPU = Debug|Any CPU
		Release|Any CPU = Release|Any CPU
	EndGlobalSection
	GlobalSection(ProjectConfigurationPlatforms) = postSolution
		{9419051F-411C-411D-ADF0-9CA9F53DB082}.Debug|Any CPU.ActiveCfg = Debug|Any CPU
		{9419051F-411C-411D-ADF0-9CA9F53DB082}.Debug|Any CPU.Build.0 = Debug|Any CPU
		{9419051F-411C-411D-ADF0-9CA9F53DB082}.Release|Any CPU.ActiveCfg = Release|Any CPU
		{9419051F-411C-411D-ADF0-9CA9F53DB082}.Release|Any CPU.Build.0 = Release|Any CPU
	EndGlobalSection
	GlobalSection(SolutionProperties) = preSolution
		HideSolutionNode = FALSE
	EndGlobalSection
	GlobalSection(ExtensibilityGlobals) = postSolution
		SolutionGuid = {CBC70FD2-E122-4393-9BEF-3FE47F9695D6}
	EndGlobalSection
EndGlobal
